{
  "name": "js",
  "lockfileVersion": 3,
  "requires": true,
  "packages": {
    "": {
      "dependencies": {
        "libsql": "^0.5.5"
      }
    },
    "node_modules/@libsql/darwin-arm64": {
      "version": "0.5.5",
      "resolved": "https://registry.npmjs.org/@libsql/darwin-arm64/-/darwin-arm64-0.5.5.tgz",
      "integrity": "sha512-PEWL5G+VYZjJSE1ljqJccc1L37l6FR/SyGpgFAs96vqevTBUFQ20p5ytvHhy4PmA9TuB+6GcoFq/UOjYcaw2Sg==",
      "cpu": [
        "arm64"
      ],
      "optional": true,
      "os": [
        "darwin"
      ]
    },
    "node_modules/@libsql/darwin-x64": {
      "version": "0.5.5",
      "resolved": "https://registry.npmjs.org/@libsql/darwin-x64/-/darwin-x64-0.5.5.tgz",
      "integrity": "sha512-cw298nZ/fn3KXuP/nC4gxkboBvw+QAB8yR+UrlZyoOGa3lk9bJNRbkJKj/Kw8s4nbPF+wx6mDWF1rTN8ey7mnQ==",
      "cpu": [
        "x64"
      ],
      "optional": true,
      "os": [
        "darwin"
      ]
    },
    "node_modules/@libsql/linux-arm64-gnu": {
      "version": "0.5.5",
      "resolved": "https://registry.npmjs.org/@libsql/linux-arm64-gnu/-/linux-arm64-gnu-0.5.5.tgz",
      "integrity": "sha512-OCT6u5m3X8uuSaJtvrrJ1k4EjZADUs4whRSelKKgGLho0H47G86YkhbqXbmMN9GEREpUcgVkA0HfxQzrglQTjQ==",
      "cpu": [
        "arm64"
      ],
      "optional": true,
      "os": [
        "linux"
      ]
    },
    "node_modules/@libsql/linux-arm64-musl": {
      "version": "0.5.5",
      "resolved": "https://registry.npmjs.org/@libsql/linux-arm64-musl/-/linux-arm64-musl-0.5.5.tgz",
      "integrity": "sha512-tyRvTLuPkZvdHhxKIxJ+f6WPZEO47xHQUnXRPOcxVa66FCDRPn2fbrCWhXGhWFVSNEuYx54U5pd3pjOvZNeJoQ==",
      "cpu": [
        "arm64"
      ],
      "optional": true,
      "os": [
        "linux"
      ]
    },
    "node_modules/@libsql/linux-x64-gnu": {
      "version": "0.5.5",
      "resolved": "https://registry.npmjs.org/@libsql/linux-x64-gnu/-/linux-x64-gnu-0.5.5.tgz",
      "integrity": "sha512-ZJVLNPlF+g/7yINmE89ldi5RmQy7YTqnJzmKyP2CDjdJ7QgslESbnMSvhNfPJ1S7fsRQw2SUYp6Is5hw9FP8Hg==",
      "cpu": [
        "x64"
      ],
      "optional": true,
      "os": [
        "linux"
      ]
    },
    "node_modules/@libsql/linux-x64-musl": {
      "version": "0.5.5",
      "resolved": "https://registry.npmjs.org/@libsql/linux-x64-musl/-/linux-x64-musl-0.5.5.tgz",
      "integrity": "sha512-SYefkMu7vCBFAjNTysT9a8BJgVsCp8Jl7ehfkZLLYnbXz04qCdKK5Q3Z94AXPvClGXWKsha7AOR8zofQYhbGdg==",
      "cpu": [
        "x64"
      ],
      "optional": true,
      "os": [
        "linux"
      ]
    },
    "node_modules/@libsql/win32-x64-msvc": {
      "version": "0.5.5",
      "resolved": "https://registry.npmjs.org/@libsql/win32-x64-msvc/-/win32-x64-msvc-0.5.5.tgz",
      "integrity": "sha512-w6G7aONV7gVPAtAs7jUxMJBHYURyYx0FNNG+G/oPgGxTrgYJ7cPW1gOp+7SjzPUBCJJrKVf7VJkRjmJLr6RORw==",
      "cpu": [
        "x64"
      ],
      "optional": true,
      "os": [
        "win32"
      ]
    },
    "node_modules/@neon-rs/load": {
      "version": "0.0.4",
      "resolved": "https://registry.npmjs.org/@neon-rs/load/-/load-0.0.4.tgz",
      "integrity": "sha512-kTPhdZyTQxB+2wpiRcFWrDcejc4JI6tkPuS7UZCG4l6Zvc5kU/gGQ/ozvHTh1XR5tS+UlfAfGuPajjzQjCiHCw=="
    },
    "node_modules/detect-libc": {
      "version": "2.0.2",
      "resolved": "https://registry.npmjs.org/detect-libc/-/detect-libc-2.0.2.tgz",
      "integrity": "sha512-UX6sGumvvqSaXgdKGUsgZWqcUyIXZ/vZTrlRT/iobiKhGL0zL4d3osHj3uqllWJK+i+sixDS/3COVEOFbupFyw==",
      "engines": {
        "node": ">=8"
      }
    },
    "node_modules/libsql": {
      "version": "0.5.5",
      "resolved": "https://registry.npmjs.org/libsql/-/libsql-0.5.5.tgz",
      "integrity": "sha512-TEFJ1X6lP0yDZIUYznlvQnzdajQ7TEPAAw1C9AvFiDp4OSBiH//yj3VHbYQSFkeHtFvL+6O4waOWQM1LA5Qggw==",
      "cpu": [
        "x64",
        "arm64",
        "wasm32"
      ],
      "os": [
        "darwin",
        "linux",
        "win32"
      ],
      "dependencies": {
        "@neon-rs/load": "^0.0.4",
        "detect-libc": "2.0.2"
      },
      "optionalDependencies": {
        "@libsql/darwin-arm64": "0.5.5",
        "@libsql/darwin-x64": "0.5.5",
        "@libsql/linux-arm64-gnu": "0.5.5",
        "@libsql/linux-arm64-musl": "0.5.5",
        "@libsql/linux-x64-gnu": "0.5.5",
        "@libsql/linux-x64-musl": "0.5.5",
        "@libsql/win32-x64-msvc": "0.5.5"
      }
    }
  }
}
